// !$*UTF8*$!
{
	archiveVersion = 1;
	classes = {
	};
	objectVersion = 46;
	objects = {

/* Begin PBXBuildFile section */
		7C8A406A16C2E7980EDD14B9 /* Pods_NivikiSocial.framework in Frameworks */ = {isa = PBXBuildFile; fileRef = 7917AFF1266A279FD806F577 /* Pods_NivikiSocial.framework */; };
		9DCBED2A54DC8F34178ECFBB /* Pods_NivikiSocialTests.framework in Frameworks */ = {isa = PBXBuildFile; fileRef = B5847D237C60006A8D828626 /* Pods_NivikiSocialTests.framework */; };
		D21260861D80008400F78754 /* AppDelegate.swift in Sources */ = {isa = PBXBuildFile; fileRef = D21260851D80008400F78754 /* AppDelegate.swift */; };
		D21260881D80008400F78754 /* ViewController.swift in Sources */ = {isa = PBXBuildFile; fileRef = D21260871D80008400F78754 /* ViewController.swift */; };
		D212608B1D80008400F78754 /* Main.storyboard in Resources */ = {isa = PBXBuildFile; fileRef = D21260891D80008400F78754 /* Main.storyboard */; };
		D212608D1D80008400F78754 /* Assets.xcassets in Resources */ = {isa = PBXBuildFile; fileRef = D212608C1D80008400F78754 /* Assets.xcassets */; };
		D21260901D80008400F78754 /* LaunchScreen.storyboard in Resources */ = {isa = PBXBuildFile; fileRef = D212608E1D80008400F78754 /* LaunchScreen.storyboard */; };
		D212609B1D80008400F78754 /* NivikiSocialTests.swift in Sources */ = {isa = PBXBuildFile; fileRef = D212609A1D80008400F78754 /* NivikiSocialTests.swift */; };
		D21260A61D80008400F78754 /* NivikiSocialUITests.swift in Sources */ = {isa = PBXBuildFile; fileRef = D21260A51D80008400F78754 /* NivikiSocialUITests.swift */; };
		D21260B41D8000BC00F78754 /* GoogleService-Info.plist in Resources */ = {isa = PBXBuildFile; fileRef = D21260B31D8000BC00F78754 /* GoogleService-Info.plist */; };
		EDF2C97A8A51F9D1B9A6D845 /* Pods_NivikiSocialUITests.framework in Frameworks */ = {isa = PBXBuildFile; fileRef = E04C0DFADF2ABBAFB4142A2D /* Pods_NivikiSocialUITests.framework */; };
/* End PBXBuildFile section */

/* Begin PBXContainerItemProxy section */
		D21260971D80008400F78754 /* PBXContainerItemProxy */ = {
			isa = PBXContainerItemProxy;
			containerPortal = D212607A1D80008300F78754 /* Project object */;
			proxyType = 1;
			remoteGlobalIDString = D21260811D80008300F78754;
			remoteInfo = NivikiSocial;
		};
		D21260A21D80008400F78754 /* PBXContainerItemProxy */ = {
			isa = PBXContainerItemProxy;
			containerPortal = D212607A1D80008300F78754 /* Project object */;
			proxyType = 1;
			remoteGlobalIDString = D21260811D80008300F78754;
			remoteInfo = NivikiSocial;
		};
/* End PBXContainerItemProxy section */

/* Begin PBXFileReference section */
		2651AAD1EE28779447BE4624 /* Pods-NivikiSocialTests.debug.xcconfig */ = {isa = PBXFileReference; includeInIndex = 1; lastKnownFileType = text.xcconfig; name = "Pods-NivikiSocialTests.debug.xcconfig"; path = "Pods/Target Support Files/Pods-NivikiSocialTests/Pods-NivikiSocialTests.debug.xcconfig"; sourceTree = "<group>"; };
		5BD84F38D642E454DA30AF84 /* Pods-NivikiSocial.release.xcconfig */ = {isa = PBXFileReference; includeInIndex = 1; lastKnownFileType = text.xcconfig; name = "Pods-NivikiSocial.release.xcconfig"; path = "Pods/Target Support Files/Pods-NivikiSocial/Pods-NivikiSocial.release.xcconfig"; sourceTree = "<group>"; };
		672E03FFACC66B7E19116655 /* Pods-NivikiSocialTests.release.xcconfig */ = {isa = PBXFileReference; includeInIndex = 1; lastKnownFileType = text.xcconfig; name = "Pods-NivikiSocialTests.release.xcconfig"; path = "Pods/Target Support Files/Pods-NivikiSocialTests/Pods-NivikiSocialTests.release.xcconfig"; sourceTree = "<group>"; };
		7917AFF1266A279FD806F577 /* Pods_NivikiSocial.framework */ = {isa = PBXFileReference; explicitFileType = wrapper.framework; includeInIndex = 0; path = Pods_NivikiSocial.framework; sourceTree = BUILT_PRODUCTS_DIR; };
		8C25AD468FE93615BD851D86 /* Pods-NivikiSocial.debug.xcconfig */ = {isa = PBXFileReference; includeInIndex = 1; lastKnownFileType = text.xcconfig; name = "Pods-NivikiSocial.debug.xcconfig"; path = "Pods/Target Support Files/Pods-NivikiSocial/Pods-NivikiSocial.debug.xcconfig"; sourceTree = "<group>"; };
		B5847D237C60006A8D828626 /* Pods_NivikiSocialTests.framework */ = {isa = PBXFileReference; explicitFileType = wrapper.framework; includeInIndex = 0; path = Pods_NivikiSocialTests.framework; sourceTree = BUILT_PRODUCTS_DIR; };
		D21260821D80008400F78754 /* NivikiSocial.app */ = {isa = PBXFileReference; explicitFileType = wrapper.application; includeInIndex = 0; path = NivikiSocial.app; sourceTree = BUILT_PRODUCTS_DIR; };
		D21260851D80008400F78754 /* AppDelegate.swift */ = {isa = PBXFileReference; lastKnownFileType = sourcecode.swift; path = AppDelegate.swift; sourceTree = "<group>"; };
		D21260871D80008400F78754 /* ViewController.swift */ = {isa = PBXFileReference; lastKnownFileType = sourcecode.swift; path = ViewController.swift; sourceTree = "<group>"; };
		D212608A1D80008400F78754 /* Base */ = {isa = PBXFileReference; lastKnownFileType = file.storyboard; name = Base; path = Base.lproj/Main.storyboard; sourceTree = "<group>"; };
		D212608C1D80008400F78754 /* Assets.xcassets */ = {isa = PBXFileReference; lastKnownFileType = folder.assetcatalog; path = Assets.xcassets; sourceTree = "<group>"; };
		D212608F1D80008400F78754 /* Base */ = {isa = PBXFileReference; lastKnownFileType = file.storyboard; name = Base; path = Base.lproj/LaunchScreen.storyboard; sourceTree = "<group>"; };
		D21260911D80008400F78754 /* Info.plist */ = {isa = PBXFileReference; lastKnownFileType = text.plist.xml; path = Info.plist; sourceTree = "<group>"; };
		D21260961D80008400F78754 /* NivikiSocialTests.xctest */ = {isa = PBXFileReference; explicitFileType = wrapper.cfbundle; includeInIndex = 0; path = NivikiSocialTests.xctest; sourceTree = BUILT_PRODUCTS_DIR; };
		D212609A1D80008400F78754 /* NivikiSocialTests.swift */ = {isa = PBXFileReference; lastKnownFileType = sourcecode.swift; path = NivikiSocialTests.swift; sourceTree = "<group>"; };
		D212609C1D80008400F78754 /* Info.plist */ = {isa = PBXFileReference; lastKnownFileType = text.plist.xml; path = Info.plist; sourceTree = "<group>"; };
		D21260A11D80008400F78754 /* NivikiSocialUITests.xctest */ = {isa = PBXFileReference; explicitFileType = wrapper.cfbundle; includeInIndex = 0; path = NivikiSocialUITests.xctest; sourceTree = BUILT_PRODUCTS_DIR; };
		D21260A51D80008400F78754 /* NivikiSocialUITests.swift */ = {isa = PBXFileReference; lastKnownFileType = sourcecode.swift; path = NivikiSocialUITests.swift; sourceTree = "<group>"; };
		D21260A71D80008400F78754 /* Info.plist */ = {isa = PBXFileReference; lastKnownFileType = text.plist.xml; path = Info.plist; sourceTree = "<group>"; };
		D21260B31D8000BC00F78754 /* GoogleService-Info.plist */ = {isa = PBXFileReference; fileEncoding = 4; lastKnownFileType = text.plist.xml; path = "GoogleService-Info.plist"; sourceTree = "<group>"; };
		DDA969E5AA7D61EF899B8F2A /* Pods-NivikiSocialUITests.debug.xcconfig */ = {isa = PBXFileReference; includeInIndex = 1; lastKnownFileType = text.xcconfig; name = "Pods-NivikiSocialUITests.debug.xcconfig"; path = "Pods/Target Support Files/Pods-NivikiSocialUITests/Pods-NivikiSocialUITests.debug.xcconfig"; sourceTree = "<group>"; };
		E04C0DFADF2ABBAFB4142A2D /* Pods_NivikiSocialUITests.framework */ = {isa = PBXFileReference; explicitFileType = wrapper.framework; includeInIndex = 0; path = Pods_NivikiSocialUITests.framework; sourceTree = BUILT_PRODUCTS_DIR; };
		EFB95D4AA7F06816C4A69886 /* Pods-NivikiSocialUITests.release.xcconfig */ = {isa = PBXFileReference; includeInIndex = 1; lastKnownFileType = text.xcconfig; name = "Pods-NivikiSocialUITests.release.xcconfig"; path = "Pods/Target Support Files/Pods-NivikiSocialUITests/Pods-NivikiSocialUITests.release.xcconfig"; sourceTree = "<group>"; };
/* End PBXFileReference section */

/* Begin PBXFrameworksBuildPhase section */
		D212607F1D80008300F78754 /* Frameworks */ = {
			isa = PBXFrameworksBuildPhase;
			buildActionMask = 2147483647;
			files = (
				7C8A406A16C2E7980EDD14B9 /* Pods_NivikiSocial.framework in Frameworks */,
			);
			runOnlyForDeploymentPostprocessing = 0;
		};
		D21260931D80008400F78754 /* Frameworks */ = {
			isa = PBXFrameworksBuildPhase;
			buildActionMask = 2147483647;
			files = (
				9DCBED2A54DC8F34178ECFBB /* Pods_NivikiSocialTests.framework in Frameworks */,
			);
			runOnlyForDeploymentPostprocessing = 0;
		};
		D212609E1D80008400F78754 /* Frameworks */ = {
			isa = PBXFrameworksBuildPhase;
			buildActionMask = 2147483647;
			files = (
				EDF2C97A8A51F9D1B9A6D845 /* Pods_NivikiSocialUITests.framework in Frameworks */,
			);
			runOnlyForDeploymentPostprocessing = 0;
		};
/* End PBXFrameworksBuildPhase section */

/* Begin PBXGroup section */
		02F262D50543D697458E6D96 /* Frameworks */ = {
			isa = PBXGroup;
			children = (
				7917AFF1266A279FD806F577 /* Pods_NivikiSocial.framework */,
				B5847D237C60006A8D828626 /* Pods_NivikiSocialTests.framework */,
				E04C0DFADF2ABBAFB4142A2D /* Pods_NivikiSocialUITests.framework */,
			);
			name = Frameworks;
			sourceTree = "<group>";
		};
		523F12BF14E62EBD73F38A77 /* Pods */ = {
			isa = PBXGroup;
			children = (
				8C25AD468FE93615BD851D86 /* Pods-NivikiSocial.debug.xcconfig */,
				5BD84F38D642E454DA30AF84 /* Pods-NivikiSocial.release.xcconfig */,
				2651AAD1EE28779447BE4624 /* Pods-NivikiSocialTests.debug.xcconfig */,
				672E03FFACC66B7E19116655 /* Pods-NivikiSocialTests.release.xcconfig */,
				DDA969E5AA7D61EF899B8F2A /* Pods-NivikiSocialUITests.debug.xcconfig */,
				EFB95D4AA7F06816C4A69886 /* Pods-NivikiSocialUITests.release.xcconfig */,
			);
			name = Pods;
			sourceTree = "<group>";
		};
		D21260791D80008300F78754 = {
			isa = PBXGroup;
			children = (
				D21260841D80008400F78754 /* NivikiSocial */,
				D21260991D80008400F78754 /* NivikiSocialTests */,
				D21260A41D80008400F78754 /* NivikiSocialUITests */,
				D21260831D80008400F78754 /* Products */,
				523F12BF14E62EBD73F38A77 /* Pods */,
				02F262D50543D697458E6D96 /* Frameworks */,
			);
			sourceTree = "<group>";
		};
		D21260831D80008400F78754 /* Products */ = {
			isa = PBXGroup;
			children = (
				D21260821D80008400F78754 /* NivikiSocial.app */,
				D21260961D80008400F78754 /* NivikiSocialTests.xctest */,
				D21260A11D80008400F78754 /* NivikiSocialUITests.xctest */,
			);
			name = Products;
			sourceTree = "<group>";
		};
		D21260841D80008400F78754 /* NivikiSocial */ = {
			isa = PBXGroup;
			children = (
				D21260851D80008400F78754 /* AppDelegate.swift */,
				D21260871D80008400F78754 /* ViewController.swift */,
				D21260891D80008400F78754 /* Main.storyboard */,
				D212608C1D80008400F78754 /* Assets.xcassets */,
				D212608E1D80008400F78754 /* LaunchScreen.storyboard */,
				D21260911D80008400F78754 /* Info.plist */,
				D21260B31D8000BC00F78754 /* GoogleService-Info.plist */,
			);
			path = NivikiSocial;
			sourceTree = "<group>";
		};
		D21260991D80008400F78754 /* NivikiSocialTests */ = {
			isa = PBXGroup;
			children = (
				D212609A1D80008400F78754 /* NivikiSocialTests.swift */,
				D212609C1D80008400F78754 /* Info.plist */,
			);
			path = NivikiSocialTests;
			sourceTree = "<group>";
		};
		D21260A41D80008400F78754 /* NivikiSocialUITests */ = {
			isa = PBXGroup;
			children = (
				D21260A51D80008400F78754 /* NivikiSocialUITests.swift */,
				D21260A71D80008400F78754 /* Info.plist */,
			);
			path = NivikiSocialUITests;
			sourceTree = "<group>";
		};
/* End PBXGroup section */

/* Begin PBXNativeTarget section */
		D21260811D80008300F78754 /* NivikiSocial */ = {
			isa = PBXNativeTarget;
			buildConfigurationList = D21260AA1D80008400F78754 /* Build configuration list for PBXNativeTarget "NivikiSocial" */;
			buildPhases = (
				AD4FFE2AA559F78A3611C17F /* [CP] Check Pods Manifest.lock */,
				D212607E1D80008300F78754 /* Sources */,
				D212607F1D80008300F78754 /* Frameworks */,
				D21260801D80008300F78754 /* Resources */,
				0252318E5744697E57328C5C /* [CP] Embed Pods Frameworks */,
				F3140AC7EAC6DB57CE140545 /* [CP] Copy Pods Resources */,
			);
			buildRules = (
			);
			dependencies = (
			);
			name = NivikiSocial;
			productName = NivikiSocial;
			productReference = D21260821D80008400F78754 /* NivikiSocial.app */;
			productType = "com.apple.product-type.application";
		};
		D21260951D80008400F78754 /* NivikiSocialTests */ = {
			isa = PBXNativeTarget;
			buildConfigurationList = D21260AD1D80008400F78754 /* Build configuration list for PBXNativeTarget "NivikiSocialTests" */;
			buildPhases = (
				0D7E3CCA4EDC7D6ABFA9B53C /* [CP] Check Pods Manifest.lock */,
				D21260921D80008400F78754 /* Sources */,
				D21260931D80008400F78754 /* Frameworks */,
				D21260941D80008400F78754 /* Resources */,
				751756A5DE5FED6F38316177 /* [CP] Embed Pods Frameworks */,
				5686528A4246B1531468B41E /* [CP] Copy Pods Resources */,
			);
			buildRules = (
			);
			dependencies = (
				D21260981D80008400F78754 /* PBXTargetDependency */,
			);
			name = NivikiSocialTests;
			productName = NivikiSocialTests;
			productReference = D21260961D80008400F78754 /* NivikiSocialTests.xctest */;
			productType = "com.apple.product-type.bundle.unit-test";
		};
		D21260A01D80008400F78754 /* NivikiSocialUITests */ = {
			isa = PBXNativeTarget;
			buildConfigurationList = D21260B01D80008400F78754 /* Build configuration list for PBXNativeTarget "NivikiSocialUITests" */;
			buildPhases = (
				4F8DCBA531090338E0062CE0 /* [CP] Check Pods Manifest.lock */,
				D212609D1D80008400F78754 /* Sources */,
				D212609E1D80008400F78754 /* Frameworks */,
				D212609F1D80008400F78754 /* Resources */,
				D9C07818ECF61C3F42C59AD1 /* [CP] Embed Pods Frameworks */,
				4C730DC1E626E3AC710D2E12 /* [CP] Copy Pods Resources */,
			);
			buildRules = (
			);
			dependencies = (
				D21260A31D80008400F78754 /* PBXTargetDependency */,
			);
			name = NivikiSocialUITests;
			productName = NivikiSocialUITests;
			productReference = D21260A11D80008400F78754 /* NivikiSocialUITests.xctest */;
			productType = "com.apple.product-type.bundle.ui-testing";
		};
/* End PBXNativeTarget section */

/* Begin PBXProject section */
		D212607A1D80008300F78754 /* Project object */ = {
			isa = PBXProject;
			attributes = {
				LastSwiftUpdateCheck = 0800;
				LastUpgradeCheck = 0800;
				ORGANIZATIONNAME = Khoa;
				TargetAttributes = {
					D21260811D80008300F78754 = {
						CreatedOnToolsVersion = 8.0;
						DevelopmentTeam = WG937QNZTU;
						ProvisioningStyle = Automatic;
					};
					D21260951D80008400F78754 = {
						CreatedOnToolsVersion = 8.0;
						DevelopmentTeam = WG937QNZTU;
						ProvisioningStyle = Automatic;
						TestTargetID = D21260811D80008300F78754;
					};
					D21260A01D80008400F78754 = {
						CreatedOnToolsVersion = 8.0;
						DevelopmentTeam = WG937QNZTU;
						ProvisioningStyle = Automatic;
						TestTargetID = D21260811D80008300F78754;
					};
				};
			};
			buildConfigurationList = D212607D1D80008300F78754 /* Build configuration list for PBXProject "NivikiSocial" */;
			compatibilityVersion = "Xcode 3.2";
			developmentRegion = English;
			hasScannedForEncodings = 0;
			knownRegions = (
				en,
				Base,
			);
			mainGroup = D21260791D80008300F78754;
			productRefGroup = D21260831D80008400F78754 /* Products */;
			projectDirPath = "";
			projectRoot = "";
			targets = (
				D21260811D80008300F78754 /* NivikiSocial */,
				D21260951D80008400F78754 /* NivikiSocialTests */,
				D21260A01D80008400F78754 /* NivikiSocialUITests */,
			);
		};
/* End PBXProject section */

/* Begin PBXResourcesBuildPhase section */
		D21260801D80008300F78754 /* Resources */ = {
			isa = PBXResourcesBuildPhase;
			buildActionMask = 2147483647;
			files = (
				D21260901D80008400F78754 /* LaunchScreen.storyboard in Resources */,
				D21260B41D8000BC00F78754 /* GoogleService-Info.plist in Resources */,
				D212608D1D80008400F78754 /* Assets.xcassets in Resources */,
				D212608B1D80008400F78754 /* Main.storyboard in Resources */,
			);
			runOnlyForDeploymentPostprocessing = 0;
		};
		D21260941D80008400F78754 /* Resources */ = {
			isa = PBXResourcesBuildPhase;
			buildActionMask = 2147483647;
			files = (
			);
			runOnlyForDeploymentPostprocessing = 0;
		};
		D212609F1D80008400F78754 /* Resources */ = {
			isa = PBXResourcesBuildPhase;
			buildActionMask = 2147483647;
			files = (
			);
			runOnlyForDeploymentPostprocessing = 0;
		};
/* End PBXResourcesBuildPhase section */

/* Begin PBXShellScriptBuildPhase section */
		0252318E5744697E57328C5C /* [CP] Embed Pods Frameworks */ = {
			isa = PBXShellScriptBuildPhase;
			buildActionMask = 2147483647;
			files = (
			);
			inputPaths = (
			);
			name = "[CP] Embed Pods Frameworks";
			outputPaths = (
			);
			runOnlyForDeploymentPostprocessing = 0;
			shellPath = /bin/sh;
			shellScript = "\"${SRCROOT}/Pods/Target Support Files/Pods-NivikiSocial/Pods-NivikiSocial-frameworks.sh\"\n";
			showEnvVarsInLog = 0;
		};
		0D7E3CCA4EDC7D6ABFA9B53C /* [CP] Check Pods Manifest.lock */ = {
			isa = PBXShellScriptBuildPhase;
			buildActionMask = 2147483647;
			files = (
			);
			inputPaths = (
			);
			name = "[CP] Check Pods Manifest.lock";
			outputPaths = (
			);
			runOnlyForDeploymentPostprocessing = 0;
			shellPath = /bin/sh;
			shellScript = "diff \"${PODS_ROOT}/../Podfile.lock\" \"${PODS_ROOT}/Manifest.lock\" > /dev/null\nif [ $? != 0 ] ; then\n    # print error to STDERR\n    echo \"error: The sandbox is not in sync with the Podfile.lock. Run 'pod install' or update your CocoaPods installation.\" >&2\n    exit 1\nfi\n";
			showEnvVarsInLog = 0;
		};
		4C730DC1E626E3AC710D2E12 /* [CP] Copy Pods Resources */ = {
			isa = PBXShellScriptBuildPhase;
			buildActionMask = 2147483647;
			files = (
			);
			inputPaths = (
			);
			name = "[CP] Copy Pods Resources";
			outputPaths = (
			);
			runOnlyForDeploymentPostprocessing = 0;
			shellPath = /bin/sh;
			shellScript = "\"${SRCROOT}/Pods/Target Support Files/Pods-NivikiSocialUITests/Pods-NivikiSocialUITests-resources.sh\"\n";
			showEnvVarsInLog = 0;
		};
		4F8DCBA531090338E0062CE0 /* [CP] Check Pods Manifest.lock */ = {
			isa = PBXShellScriptBuildPhase;
			buildActionMask = 2147483647;
			files = (
			);
			inputPaths = (
			);
			name = "[CP] Check Pods Manifest.lock";
			outputPaths = (
			);
			runOnlyForDeploymentPostprocessing = 0;
			shellPath = /bin/sh;
			shellScript = "diff \"${PODS_ROOT}/../Podfile.lock\" \"${PODS_ROOT}/Manifest.lock\" > /dev/null\nif [ $? != 0 ] ; then\n    # print error to STDERR\n    echo \"error: The sandbox is not in sync with the Podfile.lock. Run 'pod install' or update your CocoaPods installation.\" >&2\n    exit 1\nfi\n";
			showEnvVarsInLog = 0;
		};
		5686528A4246B1531468B41E /* [CP] Copy Pods Resources */ = {
			isa = PBXShellScriptBuildPhase;
			buildActionMask = 2147483647;
			files = (
			);
			inputPaths = (
			);
			name = "[CP] Copy Pods Resources";
			outputPaths = (
			);
			runOnlyForDeploymentPostprocessing = 0;
			shellPath = /bin/sh;
			shellScript = "\"${SRCROOT}/Pods/Target Support Files/Pods-NivikiSocialTests/Pods-NivikiSocialTests-resources.sh\"\n";
			showEnvVarsInLog = 0;
		};
		751756A5DE5FED6F38316177 /* [CP] Embed Pods Frameworks */ = {
			isa = PBXShellScriptBuildPhase;
			buildActionMask = 2147483647;
			files = (
			);
			inputPaths = (
			);
			name = "[CP] Embed Pods Frameworks";
			outputPaths = (
			);
			runOnlyForDeploymentPostprocessing = 0;
			shellPath = /bin/sh;
			shellScript = "\"${SRCROOT}/Pods/Target Support Files/Pods-NivikiSocialTests/Pods-NivikiSocialTests-frameworks.sh\"\n";
			showEnvVarsInLog = 0;
		};
		AD4FFE2AA559F78A3611C17F /* [CP] Check Pods Manifest.lock */ = {
			isa = PBXShellScriptBuildPhase;
			buildActionMask = 2147483647;
			files = (
			);
			inputPaths = (
			);
			name = "[CP] Check Pods Manifest.lock";
			outputPaths = (
			);
			runOnlyForDeploymentPostprocessing = 0;
			shellPath = /bin/sh;
			shellScript = "diff \"${PODS_ROOT}/../Podfile.lock\" \"${PODS_ROOT}/Manifest.lock\" > /dev/null\nif [ $? != 0 ] ; then\n    # print error to STDERR\n    echo \"error: The sandbox is not in sync with the Podfile.lock. Run 'pod install' or update your CocoaPods installation.\" >&2\n    exit 1\nfi\n";
			showEnvVarsInLog = 0;
		};
		D9C07818ECF61C3F42C59AD1 /* [CP] Embed Pods Frameworks */ = {
			isa = PBXShellScriptBuildPhase;
			buildActionMask = 2147483647;
			files = (
			);
			inputPaths = (
			);
			name = "[CP] Embed Pods Frameworks";
			outputPaths = (
			);
			runOnlyForDeploymentPostprocessing = 0;
			shellPath = /bin/sh;
			shellScript = "\"${SRCROOT}/Pods/Target Support Files/Pods-NivikiSocialUITests/Pods-NivikiSocialUITests-frameworks.sh\"\n";
			showEnvVarsInLog = 0;
		};
		F3140AC7EAC6DB57CE140545 /* [CP] Copy Pods Resources */ = {
			isa = PBXShellScriptBuildPhase;
			buildActionMask = 2147483647;
			files = (
			);
			inputPaths = (
			);
			name = "[CP] Copy Pods Resources";
			outputPaths = (
			);
			runOnlyForDeploymentPostprocessing = 0;
			shellPath = /bin/sh;
			shellScript = "\"${SRCROOT}/Pods/Target Support Files/Pods-NivikiSocial/Pods-NivikiSocial-resources.sh\"\n";
			showEnvVarsInLog = 0;
		};
/* End PBXShellScriptBuildPhase section */

/* Begin PBXSourcesBuildPhase section */
		D212607E1D80008300F78754 /* Sources */ = {
			isa = PBXSourcesBuildPhase;
			buildActionMask = 2147483647;
			files = (
				D21260881D80008400F78754 /* ViewController.swift in Sources */,
				D21260861D80008400F78754 /* AppDelegate.swift in Sources */,
			);
			runOnlyForDeploymentPostprocessing = 0;
		};
		D21260921D80008400F78754 /* Sources */ = {
			isa = PBXSourcesBuildPhase;
			buildActionMask = 2147483647;
			files = (
				D212609B1D80008400F78754 /* NivikiSocialTests.swift in Sources */,
			);
			runOnlyForDeploymentPostprocessing = 0;
		};
		D212609D1D80008400F78754 /* Sources */ = {
			isa = PBXSourcesBuildPhase;
			buildActionMask = 2147483647;
			files = (
				D21260A61D80008400F78754 /* NivikiSocialUITests.swift in Sources */,
			);
			runOnlyForDeploymentPostprocessing = 0;
		};
/* End PBXSourcesBuildPhase section */

/* Begin PBXTargetDependency section */
		D21260981D80008400F78754 /* PBXTargetDependency */ = {
			isa = PBXTargetDependency;
			target = D21260811D80008300F78754 /* NivikiSocial */;
			targetProxy = D21260971D80008400F78754 /* PBXContainerItemProxy */;
		};
		D21260A31D80008400F78754 /* PBXTargetDependency */ = {
			isa = PBXTargetDependency;
			target = D21260811D80008300F78754 /* NivikiSocial */;
			targetProxy = D21260A21D80008400F78754 /* PBXContainerItemProxy */;
		};
/* End PBXTargetDependency section */

/* Begin PBXVariantGroup section */
		D21260891D80008400F78754 /* Main.storyboard */ = {
			isa = PBXVariantGroup;
			children = (
				D212608A1D80008400F78754 /* Base */,
			);
			name = Main.storyboard;
			sourceTree = "<group>";
		};
		D212608E1D80008400F78754 /* LaunchScreen.storyboard */ = {
			isa = PBXVariantGroup;
			children = (
				D212608F1D80008400F78754 /* Base */,
			);
			name = LaunchScreen.storyboard;
			sourceTree = "<group>";
		};
/* End PBXVariantGroup section */

/* Begin XCBuildConfiguration section */
		D21260A81D80008400F78754 /* Debug */ = {
			isa = XCBuildConfiguration;
			buildSettings = {
				ALWAYS_SEARCH_USER_PATHS = NO;
				CLANG_ANALYZER_NONNULL = YES;
				CLANG_CXX_LANGUAGE_STANDARD = "gnu++0x";
				CLANG_CXX_LIBRARY = "libc++";
				CLANG_ENABLE_MODULES = YES;
				CLANG_ENABLE_OBJC_ARC = YES;
				CLANG_WARN_BOOL_CONVERSION = YES;
				CLANG_WARN_CONSTANT_CONVERSION = YES;
				CLANG_WARN_DIRECT_OBJC_ISA_USAGE = YES_ERROR;
				CLANG_WARN_DOCUMENTATION_COMMENTS = YES;
				CLANG_WARN_EMPTY_BODY = YES;
				CLANG_WARN_ENUM_CONVERSION = YES;
				CLANG_WARN_INFINITE_RECURSION = YES;
				CLANG_WARN_INT_CONVERSION = YES;
				CLANG_WARN_OBJC_ROOT_CLASS = YES_ERROR;
				CLANG_WARN_SUSPICIOUS_MOVES = YES;
				CLANG_WARN_UNREACHABLE_CODE = YES;
				CLANG_WARN__DUPLICATE_METHOD_MATCH = YES;
				"CODE_SIGN_IDENTITY[sdk=iphoneos*]" = "iPhone Developer";
				COPY_PHASE_STRIP = NO;
				DEBUG_INFORMATION_FORMAT = dwarf;
				ENABLE_STRICT_OBJC_MSGSEND = YES;
				ENABLE_TESTABILITY = YES;
				GCC_C_LANGUAGE_STANDARD = gnu99;
				GCC_DYNAMIC_NO_PIC = NO;
				GCC_NO_COMMON_BLOCKS = YES;
				GCC_OPTIMIZATION_LEVEL = 0;
				GCC_PREPROCESSOR_DEFINITIONS = (
					"DEBUG=1",
					"$(inherited)",
				);
				GCC_WARN_64_TO_32_BIT_CONVERSION = YES;
				GCC_WARN_ABOUT_RETURN_TYPE = YES_ERROR;
				GCC_WARN_UNDECLARED_SELECTOR = YES;
				GCC_WARN_UNINITIALIZED_AUTOS = YES_AGGRESSIVE;
				GCC_WARN_UNUSED_FUNCTION = YES;
				GCC_WARN_UNUSED_VARIABLE = YES;
				IPHONEOS_DEPLOYMENT_TARGET = 10.0;
				MTL_ENABLE_DEBUG_INFO = YES;
				ONLY_ACTIVE_ARCH = YES;
				SDKROOT = iphoneos;
				SWIFT_ACTIVE_COMPILATION_CONDITIONS = DEBUG;
				SWIFT_OPTIMIZATION_LEVEL = "-Onone";
				TARGETED_DEVICE_FAMILY = "1,2";
			};
			name = Debug;
		};
		D21260A91D80008400F78754 /* Release */ = {
			isa = XCBuildConfiguration;
			buildSettings = {
				ALWAYS_SEARCH_USER_PATHS = NO;
				CLANG_ANALYZER_NONNULL = YES;
				CLANG_CXX_LANGUAGE_STANDARD = "gnu++0x";
				CLANG_CXX_LIBRARY = "libc++";
				CLANG_ENABLE_MODULES = YES;
				CLANG_ENABLE_OBJC_ARC = YES;
				CLANG_WARN_BOOL_CONVERSION = YES;
				CLANG_WARN_CONSTANT_CONVERSION = YES;
				CLANG_WARN_DIRECT_OBJC_ISA_USAGE = YES_ERROR;
				CLANG_WARN_DOCUMENTATION_COMMENTS = YES;
				CLANG_WARN_EMPTY_BODY = YES;
				CLANG_WARN_ENUM_CONVERSION = YES;
				CLANG_WARN_INFINITE_RECURSION = YES;
				CLANG_WARN_INT_CONVERSION = YES;
				CLANG_WARN_OBJC_ROOT_CLASS = YES_ERROR;
				CLANG_WARN_SUSPICIOUS_MOVES = YES;
				CLANG_WARN_UNREACHABLE_CODE = YES;
				CLANG_WARN__DUPLICATE_METHOD_MATCH = YES;
				"CODE_SIGN_IDENTITY[sdk=iphoneos*]" = "iPhone Developer";
				COPY_PHASE_STRIP = NO;
				DEBUG_INFORMATION_FORMAT = "dwarf-with-dsym";
				ENABLE_NS_ASSERTIONS = NO;
				ENABLE_STRICT_OBJC_MSGSEND = YES;
				GCC_C_LANGUAGE_STANDARD = gnu99;
				GCC_NO_COMMON_BLOCKS = YES;
				GCC_WARN_64_TO_32_BIT_CONVERSION = YES;
				GCC_WARN_ABOUT_RETURN_TYPE = YES_ERROR;
				GCC_WARN_UNDECLARED_SELECTOR = YES;
				GCC_WARN_UNINITIALIZED_AUTOS = YES_AGGRESSIVE;
				GCC_WARN_UNUSED_FUNCTION = YES;
				GCC_WARN_UNUSED_VARIABLE = YES;
				IPHONEOS_DEPLOYMENT_TARGET = 10.0;
				MTL_ENABLE_DEBUG_INFO = NO;
				SDKROOT = iphoneos;
				SWIFT_OPTIMIZATION_LEVEL = "-Owholemodule";
				TARGETED_DEVICE_FAMILY = "1,2";
				VALIDATE_PRODUCT = YES;
			};
			name = Release;
		};
		D21260AB1D80008400F78754 /* Debug */ = {
			isa = XCBuildConfiguration;
			baseConfigurationReference = 8C25AD468FE93615BD851D86 /* Pods-NivikiSocial.debug.xcconfig */;
			buildSettings = {
				ASSETCATALOG_COMPILER_APPICON_NAME = AppIcon;
				DEVELOPMENT_TEAM = WG937QNZTU;
				INFOPLIST_FILE = NivikiSocial/Info.plist;
				LD_RUNPATH_SEARCH_PATHS = "$(inherited) @executable_path/Frameworks";
				PRODUCT_BUNDLE_IDENTIFIER = com.Khoa.NivikiSocial;
				PRODUCT_NAME = "$(TARGET_NAME)";
				SWIFT_VERSION = 3.0;
			};
			name = Debug;
		};
		D21260AC1D80008400F78754 /* Release */ = {
			isa = XCBuildConfiguration;
			baseConfigurationReference = 5BD84F38D642E454DA30AF84 /* Pods-NivikiSocial.release.xcconfig */;
			buildSettings = {
				ASSETCATALOG_COMPILER_APPICON_NAME = AppIcon;
				DEVELOPMENT_TEAM = WG937QNZTU;
				INFOPLIST_FILE = NivikiSocial/Info.plist;
				LD_RUNPATH_SEARCH_PATHS = "$(inherited) @executable_path/Frameworks";
				PRODUCT_BUNDLE_IDENTIFIER = com.Khoa.NivikiSocial;
				PRODUCT_NAME = "$(TARGET_NAME)";
				SWIFT_VERSION = 3.0;
			};
			name = Release;
		};
		D21260AE1D80008400F78754 /* Debug */ = {
			isa = XCBuildConfiguration;
			baseConfigurationReference = 2651AAD1EE28779447BE4624 /* Pods-NivikiSocialTests.debug.xcconfig */;
			buildSettings = {
				ALWAYS_EMBED_SWIFT_STANDARD_LIBRARIES = YES;
				BUNDLE_LOADER = "$(TEST_HOST)";
				DEVELOPMENT_TEAM = WG937QNZTU;
				INFOPLIST_FILE = NivikiSocialTests/Info.plist;
				LD_RUNPATH_SEARCH_PATHS = "$(inherited) @executable_path/Frameworks @loader_path/Frameworks";
				PRODUCT_BUNDLE_IDENTIFIER = com.Khoa.NivikiSocialTests;
				PRODUCT_NAME = "$(TARGET_NAME)";
				SWIFT_VERSION = 3.0;
				TEST_HOST = "$(BUILT_PRODUCTS_DIR)/NivikiSocial.app/NivikiSocial";
			};
			name = Debug;
		};
		D21260AF1D80008400F78754 /* Release */ = {
			isa = XCBuildConfiguration;
			baseConfigurationReference = 672E03FFACC66B7E19116655 /* Pods-NivikiSocialTests.release.xcconfig */;
			buildSettings = {
				ALWAYS_EMBED_SWIFT_STANDARD_LIBRARIES = YES;
				BUNDLE_LOADER = "$(TEST_HOST)";
				DEVELOPMENT_TEAM = WG937QNZTU;
				INFOPLIST_FILE = NivikiSocialTests/Info.plist;
				LD_RUNPATH_SEARCH_PATHS = "$(inherited) @executable_path/Frameworks @loader_path/Frameworks";
				PRODUCT_BUNDLE_IDENTIFIER = com.Khoa.NivikiSocialTests;
				PRODUCT_NAME = "$(TARGET_NAME)";
				SWIFT_VERSION = 3.0;
				TEST_HOST = "$(BUILT_PRODUCTS_DIR)/NivikiSocial.app/NivikiSocial";
			};
			name = Release;
		};
		D21260B11D80008400F78754 /* Debug */ = {
			isa = XCBuildConfiguration;
			baseConfigurationReference = DDA969E5AA7D61EF899B8F2A /* Pods-NivikiSocialUITests.debug.xcconfig */;
			buildSettings = {
				ALWAYS_EMBED_SWIFT_STANDARD_LIBRARIES = YES;
				DEVELOPMENT_TEAM = WG937QNZTU;
				INFOPLIST_FILE = NivikiSocialUITests/Info.plist;
				LD_RUNPATH_SEARCH_PATHS = "$(inherited) @executable_path/Frameworks @loader_path/Frameworks";
				PRODUCT_BUNDLE_IDENTIFIER = com.Khoa.NivikiSocialUITests;
				PRODUCT_NAME = "$(TARGET_NAME)";
				SWIFT_VERSION = 3.0;
				TEST_TARGET_NAME = NivikiSocial;
			};
			name = Debug;
		};
		D21260B21D80008400F78754 /* Release */ = {
			isa = XCBuildConfiguration;
			baseConfigurationReference = EFB95D4AA7F06816C4A69886 /* Pods-NivikiSocialUITests.release.xcconfig */;
			buildSettings = {
				ALWAYS_EMBED_SWIFT_STANDARD_LIBRARIES = YES;
				DEVELOPMENT_TEAM = WG937QNZTU;
				INFOPLIST_FILE = NivikiSocialUITests/Info.plist;
				LD_RUNPATH_SEARCH_PATHS = "$(inherited) @executable_path/Frameworks @loader_path/Frameworks";
				PRODUCT_BUNDLE_IDENTIFIER = com.Khoa.NivikiSocialUITests;
				PRODUCT_NAME = "$(TARGET_NAME)";
				SWIFT_VERSION = 3.0;
				TEST_TARGET_NAME = NivikiSocial;
			};
			name = Release;
		};
/* End XCBuildConfiguration section */

/* Begin XCConfigurationList section */
		D212607D1D80008300F78754 /* Build configuration list for PBXProject "NivikiSocial" */ = {
			isa = XCConfigurationList;
			buildConfigurations = (
				D21260A81D80008400F78754 /* Debug */,
				D21260A91D80008400F78754 /* Release */,
			);
			defaultConfigurationIsVisible = 0;
			defaultConfigurationName = Release;
		};
		D21260AA1D80008400F78754 /* Build configuration list for PBXNativeTarget "NivikiSocial" */ = {
			isa = XCConfigurationList;
			buildConfigurations = (
				D21260AB1D80008400F78754 /* Debug */,
				D21260AC1D80008400F78754 /* Release */,
			);
			defaultConfigurationIsVisible = 0;
			defaultConfigurationName = Release;
		};
		D21260AD1D80008400F78754 /* Build configuration list for PBXNativeTarget "NivikiSocialTests" */ = {
			isa = XCConfigurationList;
			buildConfigurations = (
				D21260AE1D80008400F78754 /* Debug */,
				D21260AF1D80008400F78754 /* Release */,
			);
			defaultConfigurationIsVisible = 0;
			defaultConfigurationName = Release;
		};
		D21260B01D80008400F78754 /* Build configuration list for PBXNativeTarget "NivikiSocialUITests" */ = {
			isa = XCConfigurationList;
			buildConfigurations = (
				D21260B11D80008400F78754 /* Debug */,
				D21260B21D80008400F78754 /* Release */,
			);
			defaultConfigurationIsVisible = 0;
			defaultConfigurationName = Release;
		};
/* End XCConfigurationList section */
	};
	rootObject = D212607A1D80008300F78754 /* Project object */;
}
